
Microsoft Visual Studio Solution File, Format Version 12.00
Project("{FAE04EC0-301F-11D3-BF4B-00C04F79EFBC}") = "Log4netCore31Sample", "Log4netCore31Sample\Log4netCore31Sample.csproj", "{6580DE55-A78C-469E-AA8A-E636F2AFB8DE}"
EndProject
Global
	GlobalSection(SolutionConfigurationPlatforms) = preSolution
		Debug|Any CPU = Debug|Any CPU
		Release|Any CPU = Release|Any CPU
	EndGlobalSection
	GlobalSection(ProjectConfigurationPlatforms) = postSolution
		{6580DE55-A78C-469E-AA8A-E636F2AFB8DE}.Debug|Any CPU.ActiveCfg = Debug|Any CPU
		{6580DE55-A78C-469E-AA8A-E636F2AFB8DE}.Debug|Any CPU.Build.0 = Debug|Any CPU
		{6580DE55-A78C-469E-AA8A-E636F2AFB8DE}.Release|Any CPU.ActiveCfg = Release|Any CPU
		{6580DE55-A78C-469E-AA8A-E636F2AFB8DE}.Release|Any CPU.Build.0 = Release|Any CPU
	EndGlobalSection
EndGlobal
